// !$*UTF8*$!
{
	archiveVersion = 1;
	classes = {
	};
	objectVersion = 46;
	objects = {

/* Begin PBXBuildFile section */
		9D524B2D1B9CB76200E59FA7 /* AppDelegate.swift in Sources */ = {isa = PBXBuildFile; fileRef = 9D524B2C1B9CB76200E59FA7 /* AppDelegate.swift */; };
		9D524B331B9CB76200E59FA7 /* GameViewController.swift in Sources */ = {isa = PBXBuildFile; fileRef = 9D524B321B9CB76200E59FA7 /* GameViewController.swift */; };
		9D524B361B9CB76200E59FA7 /* Main.storyboard in Resources */ = {isa = PBXBuildFile; fileRef = 9D524B341B9CB76200E59FA7 /* Main.storyboard */; };
		9D524B381B9CB76200E59FA7 /* Assets.xcassets in Resources */ = {isa = PBXBuildFile; fileRef = 9D524B371B9CB76200E59FA7 /* Assets.xcassets */; };
		9D524B3B1B9CB76200E59FA7 /* LaunchScreen.storyboard in Resources */ = {isa = PBXBuildFile; fileRef = 9D524B391B9CB76200E59FA7 /* LaunchScreen.storyboard */; };
		9D524B431B9CB8F200E59FA7 /* LabelNode.swift in Sources */ = {isa = PBXBuildFile; fileRef = 9D524B421B9CB8F200E59FA7 /* LabelNode.swift */; settings = {ASSET_TAGS = (); }; };
		9D524B4A1B9CB96000E59FA7 /* Level1.json in Resources */ = {isa = PBXBuildFile; fileRef = 9D524B451B9CB96000E59FA7 /* Level1.json */; settings = {ASSET_TAGS = (); }; };
		9D524B4B1B9CB96000E59FA7 /* Level2.json in Resources */ = {isa = PBXBuildFile; fileRef = 9D524B461B9CB96000E59FA7 /* Level2.json */; settings = {ASSET_TAGS = (); }; };
		9D524B4C1B9CB96000E59FA7 /* Level3.json in Resources */ = {isa = PBXBuildFile; fileRef = 9D524B471B9CB96000E59FA7 /* Level3.json */; settings = {ASSET_TAGS = (); }; };
		9D524B4D1B9CB96000E59FA7 /* Level4.json in Resources */ = {isa = PBXBuildFile; fileRef = 9D524B481B9CB96000E59FA7 /* Level4.json */; settings = {ASSET_TAGS = (); }; };
		9D524B4E1B9CB96000E59FA7 /* Level5.json in Resources */ = {isa = PBXBuildFile; fileRef = 9D524B491B9CB96000E59FA7 /* Level5.json */; settings = {ASSET_TAGS = (); }; };
		9D524B541B9CB97800E59FA7 /* Block.m4a in Resources */ = {isa = PBXBuildFile; fileRef = 9D524B501B9CB97800E59FA7 /* Block.m4a */; settings = {ASSET_TAGS = (); }; };
		9D524B551B9CB97800E59FA7 /* LevelDone.m4a in Resources */ = {isa = PBXBuildFile; fileRef = 9D524B511B9CB97800E59FA7 /* LevelDone.m4a */; settings = {ASSET_TAGS = (); }; };
		9D524B561B9CB97800E59FA7 /* LostLife.m4a in Resources */ = {isa = PBXBuildFile; fileRef = 9D524B521B9CB97800E59FA7 /* LostLife.m4a */; settings = {ASSET_TAGS = (); }; };
		9D524B571B9CB97800E59FA7 /* Message.m4a in Resources */ = {isa = PBXBuildFile; fileRef = 9D524B531B9CB97800E59FA7 /* Message.m4a */; settings = {ASSET_TAGS = (); }; };
		9D524B591B9CB98600E59FA7 /* PaddleNode.swift in Sources */ = {isa = PBXBuildFile; fileRef = 9D524B581B9CB98600E59FA7 /* PaddleNode.swift */; settings = {ASSET_TAGS = (); }; };
		9D524B5B1B9CB99000E59FA7 /* Enumerations.swift in Sources */ = {isa = PBXBuildFile; fileRef = 9D524B5A1B9CB99000E59FA7 /* Enumerations.swift */; settings = {ASSET_TAGS = (); }; };
		9D524B5D1B9CB99800E59FA7 /* BlockNode.swift in Sources */ = {isa = PBXBuildFile; fileRef = 9D524B5C1B9CB99800E59FA7 /* BlockNode.swift */; settings = {ASSET_TAGS = (); }; };
		9D524B5F1B9CB9B800E59FA7 /* GameScene.swift in Sources */ = {isa = PBXBuildFile; fileRef = 9D524B5E1B9CB9B800E59FA7 /* GameScene.swift */; settings = {ASSET_TAGS = (); }; };
/* End PBXBuildFile section */

/* Begin PBXFileReference section */
		9D524B291B9CB76200E59FA7 /* Breaker-iOS.app */ = {isa = PBXFileReference; explicitFileType = wrapper.application; includeInIndex = 0; path = "Breaker-iOS.app"; sourceTree = BUILT_PRODUCTS_DIR; };
		9D524B2C1B9CB76200E59FA7 /* AppDelegate.swift */ = {isa = PBXFileReference; lastKnownFileType = sourcecode.swift; path = AppDelegate.swift; sourceTree = "<group>"; };
		9D524B321B9CB76200E59FA7 /* GameViewController.swift */ = {isa = PBXFileReference; lastKnownFileType = sourcecode.swift; path = GameViewController.swift; sourceTree = "<group>"; };
		9D524B351B9CB76200E59FA7 /* Base */ = {isa = PBXFileReference; lastKnownFileType = file.storyboard; name = Base; path = Base.lproj/Main.storyboard; sourceTree = "<group>"; };
		9D524B371B9CB76200E59FA7 /* Assets.xcassets */ = {isa = PBXFileReference; lastKnownFileType = folder.assetcatalog; path = Assets.xcassets; sourceTree = "<group>"; };
		9D524B3A1B9CB76200E59FA7 /* Base */ = {isa = PBXFileReference; lastKnownFileType = file.storyboard; name = Base; path = Base.lproj/LaunchScreen.storyboard; sourceTree = "<group>"; };
		9D524B3C1B9CB76200E59FA7 /* Info.plist */ = {isa = PBXFileReference; lastKnownFileType = text.plist.xml; path = Info.plist; sourceTree = "<group>"; };
		9D524B421B9CB8F200E59FA7 /* LabelNode.swift */ = {isa = PBXFileReference; fileEncoding = 4; lastKnownFileType = sourcecode.swift; path = LabelNode.swift; sourceTree = "<group>"; };
		9D524B451B9CB96000E59FA7 /* Level1.json */ = {isa = PBXFileReference; fileEncoding = 4; lastKnownFileType = text.json; path = Level1.json; sourceTree = "<group>"; };
		9D524B461B9CB96000E59FA7 /* Level2.json */ = {isa = PBXFileReference; fileEncoding = 4; lastKnownFileType = text.json; path = Level2.json; sourceTree = "<group>"; };
		9D524B471B9CB96000E59FA7 /* Level3.json */ = {isa = PBXFileReference; fileEncoding = 4; lastKnownFileType = text.json; path = Level3.json; sourceTree = "<group>"; };
		9D524B481B9CB96000E59FA7 /* Level4.json */ = {isa = PBXFileReference; fileEncoding = 4; lastKnownFileType = text.json; path = Level4.json; sourceTree = "<group>"; };
		9D524B491B9CB96000E59FA7 /* Level5.json */ = {isa = PBXFileReference; fileEncoding = 4; lastKnownFileType = text.json; path = Level5.json; sourceTree = "<group>"; };
		9D524B501B9CB97800E59FA7 /* Block.m4a */ = {isa = PBXFileReference; lastKnownFileType = file; path = Block.m4a; sourceTree = "<group>"; };
		9D524B511B9CB97800E59FA7 /* LevelDone.m4a */ = {isa = PBXFileReference; lastKnownFileType = file; path = LevelDone.m4a; sourceTree = "<group>"; };
		9D524B521B9CB97800E59FA7 /* LostLife.m4a */ = {isa = PBXFileReference; lastKnownFileType = file; path = LostLife.m4a; sourceTree = "<group>"; };
		9D524B531B9CB97800E59FA7 /* Message.m4a */ = {isa = PBXFileReference; lastKnownFileType = file; path = Message.m4a; sourceTree = "<group>"; };
		9D524B581B9CB98600E59FA7 /* PaddleNode.swift */ = {isa = PBXFileReference; fileEncoding = 4; lastKnownFileType = sourcecode.swift; path = PaddleNode.swift; sourceTree = "<group>"; };
		9D524B5A1B9CB99000E59FA7 /* Enumerations.swift */ = {isa = PBXFileReference; fileEncoding = 4; lastKnownFileType = sourcecode.swift; path = Enumerations.swift; sourceTree = "<group>"; };
		9D524B5C1B9CB99800E59FA7 /* BlockNode.swift */ = {isa = PBXFileReference; fileEncoding = 4; lastKnownFileType = sourcecode.swift; path = BlockNode.swift; sourceTree = "<group>"; };
		9D524B5E1B9CB9B800E59FA7 /* GameScene.swift */ = {isa = PBXFileReference; fileEncoding = 4; lastKnownFileType = sourcecode.swift; path = GameScene.swift; sourceTree = "<group>"; };
/* End PBXFileReference section */

/* Begin PBXFrameworksBuildPhase section */
		9D524B261B9CB76200E59FA7 /* Frameworks */ = {
			isa = PBXFrameworksBuildPhase;
			buildActionMask = 2147483647;
			files = (
			);
			runOnlyForDeploymentPostprocessing = 0;
		};
/* End PBXFrameworksBuildPhase section */

/* Begin PBXGroup section */
		9D524B201B9CB76100E59FA7 = {
			isa = PBXGroup;
			children = (
				9D524B2B1B9CB76200E59FA7 /* Breaker-iOS */,
				9D524B2A1B9CB76200E59FA7 /* Products */,
			);
			sourceTree = "<group>";
		};
		9D524B2A1B9CB76200E59FA7 /* Products */ = {
			isa = PBXGroup;
			children = (
				9D524B291B9CB76200E59FA7 /* Breaker-iOS.app */,
			);
			name = Products;
			sourceTree = "<group>";
		};
		9D524B2B1B9CB76200E59FA7 /* Breaker-iOS */ = {
			isa = PBXGroup;
			children = (
				9D524B4F1B9CB97800E59FA7 /* Sounds */,
				9D524B441B9CB96000E59FA7 /* Levels */,
				9D524B421B9CB8F200E59FA7 /* LabelNode.swift */,
				9D524B581B9CB98600E59FA7 /* PaddleNode.swift */,
				9D524B2C1B9CB76200E59FA7 /* AppDelegate.swift */,
				9D524B5A1B9CB99000E59FA7 /* Enumerations.swift */,
				9D524B5E1B9CB9B800E59FA7 /* GameScene.swift */,
				9D524B5C1B9CB99800E59FA7 /* BlockNode.swift */,
				9D524B321B9CB76200E59FA7 /* GameViewController.swift */,
				9D524B341B9CB76200E59FA7 /* Main.storyboard */,
				9D524B371B9CB76200E59FA7 /* Assets.xcassets */,
				9D524B391B9CB76200E59FA7 /* LaunchScreen.storyboard */,
				9D524B3C1B9CB76200E59FA7 /* Info.plist */,
			);
			path = "Breaker-iOS";
			sourceTree = "<group>";
		};
		9D524B441B9CB96000E59FA7 /* Levels */ = {
			isa = PBXGroup;
			children = (
				9D524B451B9CB96000E59FA7 /* Level1.json */,
				9D524B461B9CB96000E59FA7 /* Level2.json */,
				9D524B471B9CB96000E59FA7 /* Level3.json */,
				9D524B481B9CB96000E59FA7 /* Level4.json */,
				9D524B491B9CB96000E59FA7 /* Level5.json */,
			);
			path = Levels;
			sourceTree = "<group>";
		};
		9D524B4F1B9CB97800E59FA7 /* Sounds */ = {
			isa = PBXGroup;
			children = (
				9D524B501B9CB97800E59FA7 /* Block.m4a */,
				9D524B511B9CB97800E59FA7 /* LevelDone.m4a */,
				9D524B521B9CB97800E59FA7 /* LostLife.m4a */,
				9D524B531B9CB97800E59FA7 /* Message.m4a */,
			);
			path = Sounds;
			sourceTree = "<group>";
		};
/* End PBXGroup section */

/* Begin PBXNativeTarget section */
		9D524B281B9CB76200E59FA7 /* Breaker-iOS */ = {
			isa = PBXNativeTarget;
			buildConfigurationList = 9D524B3F1B9CB76200E59FA7 /* Build configuration list for PBXNativeTarget "Breaker-iOS" */;
			buildPhases = (
				9D524B251B9CB76200E59FA7 /* Sources */,
				9D524B261B9CB76200E59FA7 /* Frameworks */,
				9D524B271B9CB76200E59FA7 /* Resources */,
			);
			buildRules = (
			);
			dependencies = (
			);
			name = "Breaker-iOS";
			productName = "Breaker-iOS";
			productReference = 9D524B291B9CB76200E59FA7 /* Breaker-iOS.app */;
			productType = "com.apple.product-type.application";
		};
/* End PBXNativeTarget section */

/* Begin PBXProject section */
		9D524B211B9CB76100E59FA7 /* Project object */ = {
			isa = PBXProject;
			attributes = {
				LastUpgradeCheck = 0700;
				ORGANIZATIONNAME = "Your Name";
				TargetAttributes = {
					9D524B281B9CB76200E59FA7 = {
						CreatedOnToolsVersion = 7.0;
					};
				};
			};
			buildConfigurationList = 9D524B241B9CB76100E59FA7 /* Build configuration list for PBXProject "Breaker-iOS" */;
			compatibilityVersion = "Xcode 3.2";
			developmentRegion = English;
			hasScannedForEncodings = 0;
			knownRegions = (
				en,
				Base,
			);
			mainGroup = 9D524B201B9CB76100E59FA7;
			productRefGroup = 9D524B2A1B9CB76200E59FA7 /* Products */;
			projectDirPath = "";
			projectRoot = "";
			targets = (
				9D524B281B9CB76200E59FA7 /* Breaker-iOS */,
			);
		};
/* End PBXProject section */

/* Begin PBXResourcesBuildPhase section */
		9D524B271B9CB76200E59FA7 /* Resources */ = {
			isa = PBXResourcesBuildPhase;
			buildActionMask = 2147483647;
			files = (
				9D524B541B9CB97800E59FA7 /* Block.m4a in Resources */,
				9D524B551B9CB97800E59FA7 /* LevelDone.m4a in Resources */,
				9D524B561B9CB97800E59FA7 /* LostLife.m4a in Resources */,
				9D524B4E1B9CB96000E59FA7 /* Level5.json in Resources */,
				9D524B4C1B9CB96000E59FA7 /* Level3.json in Resources */,
				9D524B4D1B9CB96000E59FA7 /* Level4.json in Resources */,
				9D524B4A1B9CB96000E59FA7 /* Level1.json in Resources */,
				9D524B4B1B9CB96000E59FA7 /* Level2.json in Resources */,
				9D524B571B9CB97800E59FA7 /* Message.m4a in Resources */,
				9D524B3B1B9CB76200E59FA7 /* LaunchScreen.storyboard in Resources */,
				9D524B381B9CB76200E59FA7 /* Assets.xcassets in Resources */,
				9D524B361B9CB76200E59FA7 /* Main.storyboard in Resources */,
			);
			runOnlyForDeploymentPostprocessing = 0;
		};
/* End PBXResourcesBuildPhase section */

/* Begin PBXSourcesBuildPhase section */
		9D524B251B9CB76200E59FA7 /* Sources */ = {
			isa = PBXSourcesBuildPhase;
			buildActionMask = 2147483647;
			files = (
				9D524B431B9CB8F200E59FA7 /* LabelNode.swift in Sources */,
				9D524B331B9CB76200E59FA7 /* GameViewController.swift in Sources */,
				9D524B591B9CB98600E59FA7 /* PaddleNode.swift in Sources */,
				9D524B5D1B9CB99800E59FA7 /* BlockNode.swift in Sources */,
				9D524B2D1B9CB76200E59FA7 /* AppDelegate.swift in Sources */,
				9D524B5F1B9CB9B800E59FA7 /* GameScene.swift in Sources */,
				9D524B5B1B9CB99000E59FA7 /* Enumerations.swift in Sources */,
			);
			runOnlyForDeploymentPostprocessing = 0;
		};
/* End PBXSourcesBuildPhase section */

/* Begin PBXVariantGroup section */
		9D524B341B9CB76200E59FA7 /* Main.storyboard */ = {
			isa = PBXVariantGroup;
			children = (
				9D524B351B9CB76200E59FA7 /* Base */,
			);
			name = Main.storyboard;
			sourceTree = "<group>";
		};
		9D524B391B9CB76200E59FA7 /* LaunchScreen.storyboard */ = {
			isa = PBXVariantGroup;
			children = (
				9D524B3A1B9CB76200E59FA7 /* Base */,
			);
			name = LaunchScreen.storyboard;
			sourceTree = "<group>";
		};
/* End PBXVariantGroup section */

/* Begin XCBuildConfiguration section */
		9D524B3D1B9CB76200E59FA7 /* Debug */ = {
			isa = XCBuildConfiguration;
			buildSettings = {
				ALWAYS_SEARCH_USER_PATHS = NO;
				CLANG_CXX_LANGUAGE_STANDARD = "gnu++0x";
				CLANG_CXX_LIBRARY = "libc++";
				CLANG_ENABLE_MODULES = YES;
				CLANG_ENABLE_OBJC_ARC = YES;
				CLANG_WARN_BOOL_CONVERSION = YES;
				CLANG_WARN_CONSTANT_CONVERSION = YES;
				CLANG_WARN_DIRECT_OBJC_ISA_USAGE = YES_ERROR;
				CLANG_WARN_EMPTY_BODY = YES;
				CLANG_WARN_ENUM_CONVERSION = YES;
				CLANG_WARN_INT_CONVERSION = YES;
				CLANG_WARN_OBJC_ROOT_CLASS = YES_ERROR;
				CLANG_WARN_UNREACHABLE_CODE = YES;
				CLANG_WARN__DUPLICATE_METHOD_MATCH = YES;
				"CODE_SIGN_IDENTITY[sdk=iphoneos*]" = "iPhone Developer";
				COPY_PHASE_STRIP = NO;
				DEBUG_INFORMATION_FORMAT = "dwarf-with-dsym";
				ENABLE_STRICT_OBJC_MSGSEND = YES;
				ENABLE_TESTABILITY = YES;
				GCC_C_LANGUAGE_STANDARD = gnu99;
				GCC_DYNAMIC_NO_PIC = NO;
				GCC_NO_COMMON_BLOCKS = YES;
				GCC_OPTIMIZATION_LEVEL = 0;
				GCC_PREPROCESSOR_DEFINITIONS = (
					"DEBUG=1",
					"$(inherited)",
				);
				GCC_WARN_64_TO_32_BIT_CONVERSION = YES;
				GCC_WARN_ABOUT_RETURN_TYPE = YES_ERROR;
				GCC_WARN_UNDECLARED_SELECTOR = YES;
				GCC_WARN_UNINITIALIZED_AUTOS = YES_AGGRESSIVE;
				GCC_WARN_UNUSED_FUNCTION = YES;
				GCC_WARN_UNUSED_VARIABLE = YES;
				IPHONEOS_DEPLOYMENT_TARGET = 9.0;
				MTL_ENABLE_DEBUG_INFO = YES;
				ONLY_ACTIVE_ARCH = YES;
				SDKROOT = iphoneos;
				SWIFT_OPTIMIZATION_LEVEL = "-Onone";
				TARGETED_DEVICE_FAMILY = 2;
			};
			name = Debug;
		};
		9D524B3E1B9CB76200E59FA7 /* Release */ = {
			isa = XCBuildConfiguration;
			buildSettings = {
				ALWAYS_SEARCH_USER_PATHS = NO;
				CLANG_CXX_LANGUAGE_STANDARD = "gnu++0x";
				CLANG_CXX_LIBRARY = "libc++";
				CLANG_ENABLE_MODULES = YES;
				CLANG_ENABLE_OBJC_ARC = YES;
				CLANG_WARN_BOOL_CONVERSION = YES;
				CLANG_WARN_CONSTANT_CONVERSION = YES;
				CLANG_WARN_DIRECT_OBJC_ISA_USAGE = YES_ERROR;
				CLANG_WARN_EMPTY_BODY = YES;
				CLANG_WARN_ENUM_CONVERSION = YES;
				CLANG_WARN_INT_CONVERSION = YES;
				CLANG_WARN_OBJC_ROOT_CLASS = YES_ERROR;
				CLANG_WARN_UNREACHABLE_CODE = YES;
				CLANG_WARN__DUPLICATE_METHOD_MATCH = YES;
				"CODE_SIGN_IDENTITY[sdk=iphoneos*]" = "iPhone Developer";
				COPY_PHASE_STRIP = NO;
				DEBUG_INFORMATION_FORMAT = "dwarf-with-dsym";
				ENABLE_NS_ASSERTIONS = NO;
				ENABLE_STRICT_OBJC_MSGSEND = YES;
				GCC_C_LANGUAGE_STANDARD = gnu99;
				GCC_NO_COMMON_BLOCKS = YES;
				GCC_WARN_64_TO_32_BIT_CONVERSION = YES;
				GCC_WARN_ABOUT_RETURN_TYPE = YES_ERROR;
				GCC_WARN_UNDECLARED_SELECTOR = YES;
				GCC_WARN_UNINITIALIZED_AUTOS = YES_AGGRESSIVE;
				GCC_WARN_UNUSED_FUNCTION = YES;
				GCC_WARN_UNUSED_VARIABLE = YES;
				IPHONEOS_DEPLOYMENT_TARGET = 9.0;
				MTL_ENABLE_DEBUG_INFO = NO;
				SDKROOT = iphoneos;
				TARGETED_DEVICE_FAMILY = 2;
				VALIDATE_PRODUCT = YES;
			};
			name = Release;
		};
		9D524B401B9CB76200E59FA7 /* Debug */ = {
			isa = XCBuildConfiguration;
			buildSettings = {
				ASSETCATALOG_COMPILER_APPICON_NAME = AppIcon;
				INFOPLIST_FILE = "Breaker-iOS/Info.plist";
				IPHONEOS_DEPLOYMENT_TARGET = 8.0;
				LD_RUNPATH_SEARCH_PATHS = "$(inherited) @executable_path/Frameworks";
				PRODUCT_BUNDLE_IDENTIFIER = "com.yourname.Breaker-iOS";
				PRODUCT_NAME = "$(TARGET_NAME)";
			};
			name = Debug;
		};
		9D524B411B9CB76200E59FA7 /* Release */ = {
			isa = XCBuildConfiguration;
			buildSettings = {
				ASSETCATALOG_COMPILER_APPICON_NAME = AppIcon;
				INFOPLIST_FILE = "Breaker-iOS/Info.plist";
				IPHONEOS_DEPLOYMENT_TARGET = 8.0;
				LD_RUNPATH_SEARCH_PATHS = "$(inherited) @executable_path/Frameworks";
				PRODUCT_BUNDLE_IDENTIFIER = "com.yourname.Breaker-iOS";
				PRODUCT_NAME = "$(TARGET_NAME)";
			};
			name = Release;
		};
/* End XCBuildConfiguration section */

/* Begin XCConfigurationList section */
		9D524B241B9CB76100E59FA7 /* Build configuration list for PBXProject "Breaker-iOS" */ = {
			isa = XCConfigurationList;
			buildConfigurations = (
				9D524B3D1B9CB76200E59FA7 /* Debug */,
				9D524B3E1B9CB76200E59FA7 /* Release */,
			);
			defaultConfigurationIsVisible = 0;
			defaultConfigurationName = Release;
		};
		9D524B3F1B9CB76200E59FA7 /* Build configuration list for PBXNativeTarget "Breaker-iOS" */ = {
			isa = XCConfigurationList;
			buildConfigurations = (
				9D524B401B9CB76200E59FA7 /* Debug */,
				9D524B411B9CB76200E59FA7 /* Release */,
			);
			defaultConfigurationIsVisible = 0;
		};
/* End XCConfigurationList section */
	};
	rootObject = 9D524B211B9CB76100E59FA7 /* Project object */;
}
